{
  "name": "assets",
  "version": "1.0.0",
  "lockfileVersion": 3,
  "requires": true,
  "packages": {
    "": {
      "name": "assets",
      "version": "1.0.0",
      "license": "ISC",
      "dependencies": {
        "daisyui": "^5.4.3",
        "tailwindcss": "^4.1.16"
      }
    },
    "node_modules/daisyui": {
      "version": "5.4.3",
      "resolved": "https://registry.npmjs.org/daisyui/-/daisyui-5.4.3.tgz",
      "integrity": "sha512-dfDCJnN4utErGoWfElgdEE252FtfHV9Mxj5Dq1+JzUq3nVkluWdF3JYykP0Xy/y/yArnPXYztO1tLNCow3kjmg==",
      "funding": {
        "url": "https://github.com/saadeghi/daisyui?sponsor=1"
      }
    },
    "node_modules/tailwindcss": {
      "version": "4.1.16",
      "resolved": "https://registry.npmjs.org/tailwindcss/-/tailwindcss-4.1.16.tgz",
      "integrity": "sha512-pONL5awpaQX4LN5eiv7moSiSPd/DLDzKVRJz8Q9PgzmAdd1R4307GQS2ZpfiN7ZmekdQrfhZZiSE5jkLR4WNaA=="
    }
  }
}
